
Microsoft Visual Studio Solution File, Format Version 12.00
# Visual Studio Version 17
VisualStudioVersion = 17.0.31912.275
MinimumVisualStudioVersion = 10.0.40219.1
Project("{FAE04EC0-301F-11D3-BF4B-00C04F79EFBC}") = "App1_0.Android", "App1_0\App1_0.Android\App1_0.Android.csproj", "{1BA769E7-577D-453F-8528-7A015AD7269C}"
EndProject
Project("{FAE04EC0-301F-11D3-BF4B-00C04F79EFBC}") = "App1_0.iOS", "App1_0\App1_0.iOS\App1_0.iOS.csproj", "{8B65567E-E7A4-40F4-A5EB-E1818C8352FA}"
EndProject
Project("{FAE04EC0-301F-11D3-BF4B-00C04F79EFBC}") = "App1_0", "App1_0\App1_0\App1_0.csproj", "{AE193E56-A92B-49D0-B133-B87474BAD71A}"
EndProject
Global
	GlobalSection(SolutionConfigurationPlatforms) = preSolution
		Debug|Any CPU = Debug|Any CPU
		Debug|iPhone = Debug|iPhone
		Debug|iPhoneSimulator = Debug|iPhoneSimulator
		Release|Any CPU = Release|Any CPU
		Release|iPhone = Release|iPhone
		Release|iPhoneSimulator = Release|iPhoneSimulator
	EndGlobalSection
	GlobalSection(ProjectConfigurationPlatforms) = postSolution
		{1BA769E7-577D-453F-8528-7A015AD7269C}.Debug|Any CPU.ActiveCfg = Debug|Any CPU
		{1BA769E7-577D-453F-8528-7A015AD7269C}.Debug|Any CPU.Build.0 = Debug|Any CPU
		{1BA769E7-577D-453F-8528-7A015AD7269C}.Debug|Any CPU.Deploy.0 = Debug|Any CPU
		{1BA769E7-577D-453F-8528-7A015AD7269C}.Debug|iPhone.ActiveCfg = Debug|Any CPU
		{1BA769E7-577D-453F-8528-7A015AD7269C}.Debug|iPhone.Build.0 = Debug|Any CPU
		{1BA769E7-577D-453F-8528-7A015AD7269C}.Debug|iPhone.Deploy.0 = Debug|Any CPU
		{1BA769E7-577D-453F-8528-7A015AD7269C}.Debug|iPhoneSimulator.ActiveCfg = Debug|Any CPU
		{1BA769E7-577D-453F-8528-7A015AD7269C}.Debug|iPhoneSimulator.Build.0 = Debug|Any CPU
		{1BA769E7-577D-453F-8528-7A015AD7269C}.Debug|iPhoneSimulator.Deploy.0 = Debug|Any CPU
		{1BA769E7-577D-453F-8528-7A015AD7269C}.Release|Any CPU.ActiveCfg = Release|Any CPU
		{1BA769E7-577D-453F-8528-7A015AD7269C}.Release|Any CPU.Build.0 = Release|Any CPU
		{1BA769E7-577D-453F-8528-7A015AD7269C}.Release|Any CPU.Deploy.0 = Release|Any CPU
		{1BA769E7-577D-453F-8528-7A015AD7269C}.Release|iPhone.ActiveCfg = Release|Any CPU
		{1BA769E7-577D-453F-8528-7A015AD7269C}.Release|iPhone.Build.0 = Release|Any CPU
		{1BA769E7-577D-453F-8528-7A015AD7269C}.Release|iPhone.Deploy.0 = Release|Any CPU
		{1BA769E7-577D-453F-8528-7A015AD7269C}.Release|iPhoneSimulator.ActiveCfg = Release|Any CPU
		{1BA769E7-577D-453F-8528-7A015AD7269C}.Release|iPhoneSimulator.Build.0 = Release|Any CPU
		{1BA769E7-577D-453F-8528-7A015AD7269C}.Release|iPhoneSimulator.Deploy.0 = Release|Any CPU
		{8B65567E-E7A4-40F4-A5EB-E1818C8352FA}.Debug|Any CPU.ActiveCfg = Debug|iPhone
		{8B65567E-E7A4-40F4-A5EB-E1818C8352FA}.Debug|Any CPU.Build.0 = Debug|iPhone
		{8B65567E-E7A4-40F4-A5EB-E1818C8352FA}.Debug|Any CPU.Deploy.0 = Debug|iPhone
		{8B65567E-E7A4-40F4-A5EB-E1818C8352FA}.Debug|iPhone.ActiveCfg = Debug|iPhone
		{8B65567E-E7A4-40F4-A5EB-E1818C8352FA}.Debug|iPhone.Build.0 = Debug|iPhone
		{8B65567E-E7A4-40F4-A5EB-E1818C8352FA}.Debug|iPhone.Deploy.0 = Debug|iPhone
		{8B65567E-E7A4-40F4-A5EB-E1818C8352FA}.Debug|iPhoneSimulator.ActiveCfg = Debug|iPhoneSimulator
		{8B65567E-E7A4-40F4-A5EB-E1818C8352FA}.Debug|iPhoneSimulator.Build.0 = Debug|iPhoneSimulator
		{8B65567E-E7A4-40F4-A5EB-E1818C8352FA}.Debug|iPhoneSimulator.Deploy.0 = Debug|iPhoneSimulator
		{8B65567E-E7A4-40F4-A5EB-E1818C8352FA}.Release|Any CPU.ActiveCfg = Release|iPhoneSimulator
		{8B65567E-E7A4-40F4-A5EB-E1818C8352FA}.Release|Any CPU.Build.0 = Release|iPhoneSimulator
		{8B65567E-E7A4-40F4-A5EB-E1818C8352FA}.Release|Any CPU.Deploy.0 = Release|iPhoneSimulator
		{8B65567E-E7A4-40F4-A5EB-E1818C8352FA}.Release|iPhone.ActiveCfg = Release|iPhone
		{8B65567E-E7A4-40F4-A5EB-E1818C8352FA}.Release|iPhone.Build.0 = Release|iPhone
		{8B65567E-E7A4-40F4-A5EB-E1818C8352FA}.Release|iPhone.Deploy.0 = Release|iPhone
		{8B65567E-E7A4-40F4-A5EB-E1818C8352FA}.Release|iPhoneSimulator.ActiveCfg = Release|iPhoneSimulator
		{8B65567E-E7A4-40F4-A5EB-E1818C8352FA}.Release|iPhoneSimulator.Build.0 = Release|iPhoneSimulator
		{8B65567E-E7A4-40F4-A5EB-E1818C8352FA}.Release|iPhoneSimulator.Deploy.0 = Release|iPhoneSimulator
		{AE193E56-A92B-49D0-B133-B87474BAD71A}.Debug|Any CPU.ActiveCfg = Debug|Any CPU
		{AE193E56-A92B-49D0-B133-B87474BAD71A}.Debug|Any CPU.Build.0 = Debug|Any CPU
		{AE193E56-A92B-49D0-B133-B87474BAD71A}.Debug|Any CPU.Deploy.0 = Debug|Any CPU
		{AE193E56-A92B-49D0-B133-B87474BAD71A}.Debug|iPhone.ActiveCfg = Debug|Any CPU
		{AE193E56-A92B-49D0-B133-B87474BAD71A}.Debug|iPhone.Build.0 = Debug|Any CPU
		{AE193E56-A92B-49D0-B133-B87474BAD71A}.Debug|iPhone.Deploy.0 = Debug|Any CPU
		{AE193E56-A92B-49D0-B133-B87474BAD71A}.Debug|iPhoneSimulator.ActiveCfg = Debug|Any CPU
		{AE193E56-A92B-49D0-B133-B87474BAD71A}.Debug|iPhoneSimulator.Build.0 = Debug|Any CPU
		{AE193E56-A92B-49D0-B133-B87474BAD71A}.Debug|iPhoneSimulator.Deploy.0 = Debug|Any CPU
		{AE193E56-A92B-49D0-B133-B87474BAD71A}.Release|Any CPU.ActiveCfg = Release|Any CPU
		{AE193E56-A92B-49D0-B133-B87474BAD71A}.Release|Any CPU.Build.0 = Release|Any CPU
		{AE193E56-A92B-49D0-B133-B87474BAD71A}.Release|Any CPU.Deploy.0 = Release|Any CPU
		{AE193E56-A92B-49D0-B133-B87474BAD71A}.Release|iPhone.ActiveCfg = Release|Any CPU
		{AE193E56-A92B-49D0-B133-B87474BAD71A}.Release|iPhone.Build.0 = Release|Any CPU
		{AE193E56-A92B-49D0-B133-B87474BAD71A}.Release|iPhone.Deploy.0 = Release|Any CPU
		{AE193E56-A92B-49D0-B133-B87474BAD71A}.Release|iPhoneSimulator.ActiveCfg = Release|Any CPU
		{AE193E56-A92B-49D0-B133-B87474BAD71A}.Release|iPhoneSimulator.Build.0 = Release|Any CPU
		{AE193E56-A92B-49D0-B133-B87474BAD71A}.Release|iPhoneSimulator.Deploy.0 = Release|Any CPU
	EndGlobalSection
	GlobalSection(SolutionProperties) = preSolution
		HideSolutionNode = FALSE
	EndGlobalSection
	GlobalSection(ExtensibilityGlobals) = postSolution
		SolutionGuid = {43059F63-393C-4A9A-8DEA-74F3369A6011}
	EndGlobalSection
EndGlobal
